{
  "version": 4,
  "terraform_version": "1.13.0",
  "serial": 3,
  "lineage": "77e0e5a4-44fc-2bb0-8e6c-647cfbc9c742",
  "outputs": {},
  "resources": [
    {
      "mode": "data",
      "type": "scaleway_container_namespace",
      "name": "nextjs_namespace",
      "provider": "provider[\"registry.terraform.io/scaleway/scaleway\"]",
      "instances": [
        {
          "schema_version": 0,
          "attributes": {
            "activate_vpc_integration": true,
            "description": "",
            "destroy_registry": null,
            "environment_variables": {},
            "id": "fr-par/2944eecc-b76d-48fb-99f4-b2885b911a3f",
            "name": "ns-booohking-nextjs-frontend",
            "namespace_id": "fr-par/2944eecc-b76d-48fb-99f4-b2885b911a3f",
            "organization_id": "0437ee40-c0db-44c5-9e7d-445e224b7d65",
            "project_id": "0437ee40-c0db-44c5-9e7d-445e224b7d65",
            "region": "fr-par",
            "registry_endpoint": "rg.fr-par.scw.cloud/funcscwnsbooohkingnextjsfromk7apuyb",
            "registry_namespace_id": "012bfe49-064b-4358-9d13-93d0af33ecd5",
            "secret_environment_variables": {},
            "tags": []
          },
          "sensitive_attributes": [],
          "identity_schema_version": 0
        }
      ]
    },
    {
      "module": "module.nextjs_app",
      "mode": "managed",
      "type": "scaleway_container",
      "name": "nextjs_app",
      "provider": "provider[\"registry.terraform.io/scaleway/scaleway\"]",
      "instances": [
        {
          "schema_version": 0,
          "attributes": {
            "args": null,
            "command": null,
            "cpu_limit": 140,
            "cron_status": "created",
            "deploy": false,
            "description": "",
            "domain_name": "nsbooohkingnextjsfromk7apuyb-booohking-nextjs-frontend.functions.fnc.fr-par.scw.cloud",
            "environment_variables": {
              "NODE_ENV": "production"
            },
            "error_message": "",
            "health_check": [
              {
                "failure_threshold": 30,
                "http": [],
                "interval": "10s"
              }
            ],
            "http_option": "enabled",
            "id": "fr-par/0f971dff-d775-4822-96e9-e4ed520f4042",
            "local_storage_limit": 1000,
            "max_concurrency": 50,
            "max_scale": 5,
            "memory_limit": 256,
            "min_scale": 0,
            "name": "booohking-nextjs-frontend",
            "namespace_id": "fr-par/2944eecc-b76d-48fb-99f4-b2885b911a3f",
            "port": 3000,
            "privacy": "public",
            "private_network_id": "",
            "protocol": "http1",
            "region": "fr-par",
            "registry_image": "ok",
            "registry_sha256": null,
            "sandbox": "v2",
            "scaling_option": [
              {
                "concurrent_requests_threshold": 50,
                "cpu_usage_threshold": 0,
                "memory_usage_threshold": 0
              }
            ],
            "secret_environment_variables": null,
            "status": "created",
            "tags": null,
            "timeout": 300,
            "timeouts": null
          },
          "sensitive_attributes": [
            [
              {
                "type": "get_attr",
                "value": "secret_environment_variables"
              }
            ]
          ],
          "identity_schema_version": 0,
          "private": "eyJlMmJmYjczMC1lY2FhLTExZTYtOGY4OC0zNDM2M2JjN2M0YzAiOnsiY3JlYXRlIjo3NTAwMDAwMDAwMDAsImRlZmF1bHQiOjc1MDAwMDAwMDAwMCwiZGVsZXRlIjo3NTAwMDAwMDAwMDAsInJlYWQiOjc1MDAwMDAwMDAwMCwidXBkYXRlIjo3NTAwMDAwMDAwMDB9fQ==",
          "dependencies": [
            "data.scaleway_container_namespace.nextjs_namespace"
          ]
        }
      ]
    }
  ],
  "check_results": null
}
